# This file is automatically @generated by Cargo.
# It is not intended for manual editing.
[[package]]
name = "monstermaker_bestiary"
version = "0.1.0"
dependencies = [
 "monstermaker_core 3.0.0 (registry+https://github.com/rust-lang/crates.io-index)",
]

[[package]]
name = "monstermaker_core"
version = "3.0.0"

[[package]]
name = "monstermaker_core"
version = "3.0.0"
source = "registry+https://github.com/rust-lang/crates.io-index"
checksum = "d5e02aad111d80094377b8b60f3fa74bdd116369377625401de56b6e3d81f293"
