# This file is automatically @generated by Cargo.
# It is not intended for manual editing.
[[package]]
name = "hashable_rc"
version = "0.1.2"
source = "registry+https://github.com/rust-lang/crates.io-index"
checksum = "e28bd3b39eac718b37cb313fe83fd2ce7d9b44c9606b60562b54213764091da2"

[[package]]
name = "monstermaker_bestiary"
version = "0.1.0"
dependencies = [
 "hashable_rc",
 "monstermaker_core",
]

[[package]]
name = "monstermaker_core"
version = "2.0.1"
source = "registry+https://github.com/rust-lang/crates.io-index"
checksum = "4dc83ae73751fb7f0ff6957a75522b1f86f113c6b79b8b0c9f1fea078185f02f"
dependencies = [
 "phf",
]

[[package]]
name = "phf"
version = "0.8.0"
source = "registry+https://github.com/rust-lang/crates.io-index"
checksum = "3dfb61232e34fcb633f43d12c58f83c1df82962dcdfa565a4e866ffc17dafe12"
dependencies = [
 "phf_shared",
]

[[package]]
name = "phf_shared"
version = "0.8.0"
source = "registry+https://github.com/rust-lang/crates.io-index"
checksum = "c00cf8b9eafe68dde5e9eaa2cef8ee84a9336a47d566ec55ca16589633b65af7"
dependencies = [
 "siphasher",
]

[[package]]
name = "siphasher"
version = "0.3.3"
source = "registry+https://github.com/rust-lang/crates.io-index"
checksum = "fa8f3741c7372e75519bd9346068370c9cdaabcc1f9599cbcf2a2719352286b7"
